
Microsoft Visual Studio Solution File, Format Version 10.00
# Visual Studio 2008
Project("{FAE04EC0-301F-11D3-BF4B-00C04F79EFBC}") = "GreatHorseInterface", "GreatHorseInterface\GreatHorseInterface.csproj", "{D2D99930-C1DE-4871-90C3-3C045D861391}"
EndProject
Project("{FAE04EC0-301F-11D3-BF4B-00C04F79EFBC}") = "DataBaseHelper", "..\..\DataBaseHelper\DataBaseHelper\DataBaseHelper.csproj", "{B9CF6D18-25D2-427C-B30A-6E74D221A14B}"
EndProject
Project("{FAE04EC0-301F-11D3-BF4B-00C04F79EFBC}") = "LoginUserControl", "..\..\DataBaseHelper\LoginUserControl\LoginUserControl.csproj", "{B59FBC9B-BB8C-4D57-AA54-EF99DEA6F6EC}"
EndProject
Project("{FAE04EC0-301F-11D3-BF4B-00C04F79EFBC}") = "U8ApiInterface", "..\..\DataBaseHelper\U8ApiInterface\U8ApiInterface.csproj", "{265BC03D-6AFD-4C53-B648-CAE386A9DF3D}"
EndProject
Global
	GlobalSection(SolutionConfigurationPlatforms) = preSolution
		Debug|Any CPU = Debug|Any CPU
		Debug|x86 = Debug|x86
		Release|Any CPU = Release|Any CPU
		Release|x86 = Release|x86
	EndGlobalSection
	GlobalSection(ProjectConfigurationPlatforms) = postSolution
		{D2D99930-C1DE-4871-90C3-3C045D861391}.Debug|Any CPU.ActiveCfg = Debug|Any CPU
		{D2D99930-C1DE-4871-90C3-3C045D861391}.Debug|Any CPU.Build.0 = Debug|Any CPU
		{D2D99930-C1DE-4871-90C3-3C045D861391}.Debug|x86.ActiveCfg = Debug|x86
		{D2D99930-C1DE-4871-90C3-3C045D861391}.Debug|x86.Build.0 = Debug|x86
		{D2D99930-C1DE-4871-90C3-3C045D861391}.Release|Any CPU.ActiveCfg = Release|Any CPU
		{D2D99930-C1DE-4871-90C3-3C045D861391}.Release|Any CPU.Build.0 = Release|Any CPU
		{D2D99930-C1DE-4871-90C3-3C045D861391}.Release|x86.ActiveCfg = Release|x86
		{D2D99930-C1DE-4871-90C3-3C045D861391}.Release|x86.Build.0 = Release|x86
		{B9CF6D18-25D2-427C-B30A-6E74D221A14B}.Debug|Any CPU.ActiveCfg = Debug|Any CPU
		{B9CF6D18-25D2-427C-B30A-6E74D221A14B}.Debug|Any CPU.Build.0 = Debug|Any CPU
		{B9CF6D18-25D2-427C-B30A-6E74D221A14B}.Debug|x86.ActiveCfg = Debug|x86
		{B9CF6D18-25D2-427C-B30A-6E74D221A14B}.Debug|x86.Build.0 = Debug|x86
		{B9CF6D18-25D2-427C-B30A-6E74D221A14B}.Release|Any CPU.ActiveCfg = Release|Any CPU
		{B9CF6D18-25D2-427C-B30A-6E74D221A14B}.Release|Any CPU.Build.0 = Release|Any CPU
		{B9CF6D18-25D2-427C-B30A-6E74D221A14B}.Release|x86.ActiveCfg = Release|x86
		{B9CF6D18-25D2-427C-B30A-6E74D221A14B}.Release|x86.Build.0 = Release|x86
		{B59FBC9B-BB8C-4D57-AA54-EF99DEA6F6EC}.Debug|Any CPU.ActiveCfg = Debug|Any CPU
		{B59FBC9B-BB8C-4D57-AA54-EF99DEA6F6EC}.Debug|Any CPU.Build.0 = Debug|Any CPU
		{B59FBC9B-BB8C-4D57-AA54-EF99DEA6F6EC}.Debug|x86.ActiveCfg = Debug|x86
		{B59FBC9B-BB8C-4D57-AA54-EF99DEA6F6EC}.Debug|x86.Build.0 = Debug|x86
		{B59FBC9B-BB8C-4D57-AA54-EF99DEA6F6EC}.Release|Any CPU.ActiveCfg = Release|Any CPU
		{B59FBC9B-BB8C-4D57-AA54-EF99DEA6F6EC}.Release|Any CPU.Build.0 = Release|Any CPU
		{B59FBC9B-BB8C-4D57-AA54-EF99DEA6F6EC}.Release|x86.ActiveCfg = Release|Any CPU
		{265BC03D-6AFD-4C53-B648-CAE386A9DF3D}.Debug|Any CPU.ActiveCfg = Debug|Any CPU
		{265BC03D-6AFD-4C53-B648-CAE386A9DF3D}.Debug|Any CPU.Build.0 = Debug|Any CPU
		{265BC03D-6AFD-4C53-B648-CAE386A9DF3D}.Debug|x86.ActiveCfg = Debug|x86
		{265BC03D-6AFD-4C53-B648-CAE386A9DF3D}.Debug|x86.Build.0 = Debug|x86
		{265BC03D-6AFD-4C53-B648-CAE386A9DF3D}.Release|Any CPU.ActiveCfg = Release|Any CPU
		{265BC03D-6AFD-4C53-B648-CAE386A9DF3D}.Release|Any CPU.Build.0 = Release|Any CPU
		{265BC03D-6AFD-4C53-B648-CAE386A9DF3D}.Release|x86.ActiveCfg = Release|Any CPU
	EndGlobalSection
	GlobalSection(SolutionProperties) = preSolution
		HideSolutionNode = FALSE
	EndGlobalSection
EndGlobal
