
Microsoft Visual Studio Solution File, Format Version 10.00
# Visual Studio 2008
Project("{FAE04EC0-301F-11D3-BF4B-00C04F79EFBC}") = "BaistInterface", "BaistInterface\BaistInterface.csproj", "{6FC84F1E-1098-4D08-AE27-4554E6C288F4}"
EndProject
Project("{FAE04EC0-301F-11D3-BF4B-00C04F79EFBC}") = "DataBaseHelper", "..\..\DataBaseHelper\DataBaseHelper\DataBaseHelper.csproj", "{B9CF6D18-25D2-427C-B30A-6E74D221A14B}"
EndProject
Project("{FAE04EC0-301F-11D3-BF4B-00C04F79EFBC}") = "LoginUserControl", "..\..\DataBaseHelper\LoginUserControl\LoginUserControl.csproj", "{B59FBC9B-BB8C-4D57-AA54-EF99DEA6F6EC}"
EndProject
Global
	GlobalSection(SolutionConfigurationPlatforms) = preSolution
		Debug|Any CPU = Debug|Any CPU
		Debug|x86 = Debug|x86
		Release|Any CPU = Release|Any CPU
		Release|x86 = Release|x86
	EndGlobalSection
	GlobalSection(ProjectConfigurationPlatforms) = postSolution
		{6FC84F1E-1098-4D08-AE27-4554E6C288F4}.Debug|Any CPU.ActiveCfg = Debug|Any CPU
		{6FC84F1E-1098-4D08-AE27-4554E6C288F4}.Debug|Any CPU.Build.0 = Debug|Any CPU
		{6FC84F1E-1098-4D08-AE27-4554E6C288F4}.Debug|x86.ActiveCfg = Debug|Any CPU
		{6FC84F1E-1098-4D08-AE27-4554E6C288F4}.Release|Any CPU.ActiveCfg = Release|Any CPU
		{6FC84F1E-1098-4D08-AE27-4554E6C288F4}.Release|Any CPU.Build.0 = Release|Any CPU
		{6FC84F1E-1098-4D08-AE27-4554E6C288F4}.Release|x86.ActiveCfg = Release|Any CPU
		{B9CF6D18-25D2-427C-B30A-6E74D221A14B}.Debug|Any CPU.ActiveCfg = Debug|Any CPU
		{B9CF6D18-25D2-427C-B30A-6E74D221A14B}.Debug|Any CPU.Build.0 = Debug|Any CPU
		{B9CF6D18-25D2-427C-B30A-6E74D221A14B}.Debug|x86.ActiveCfg = Debug|x86
		{B9CF6D18-25D2-427C-B30A-6E74D221A14B}.Debug|x86.Build.0 = Debug|x86
		{B9CF6D18-25D2-427C-B30A-6E74D221A14B}.Release|Any CPU.ActiveCfg = Release|Any CPU
		{B9CF6D18-25D2-427C-B30A-6E74D221A14B}.Release|Any CPU.Build.0 = Release|Any CPU
		{B9CF6D18-25D2-427C-B30A-6E74D221A14B}.Release|x86.ActiveCfg = Release|x86
		{B9CF6D18-25D2-427C-B30A-6E74D221A14B}.Release|x86.Build.0 = Release|x86
		{B59FBC9B-BB8C-4D57-AA54-EF99DEA6F6EC}.Debug|Any CPU.ActiveCfg = Debug|Any CPU
		{B59FBC9B-BB8C-4D57-AA54-EF99DEA6F6EC}.Debug|Any CPU.Build.0 = Debug|Any CPU
		{B59FBC9B-BB8C-4D57-AA54-EF99DEA6F6EC}.Debug|x86.ActiveCfg = Debug|Any CPU
		{B59FBC9B-BB8C-4D57-AA54-EF99DEA6F6EC}.Release|Any CPU.ActiveCfg = Release|Any CPU
		{B59FBC9B-BB8C-4D57-AA54-EF99DEA6F6EC}.Release|Any CPU.Build.0 = Release|Any CPU
		{B59FBC9B-BB8C-4D57-AA54-EF99DEA6F6EC}.Release|x86.ActiveCfg = Release|Any CPU
	EndGlobalSection
	GlobalSection(SolutionProperties) = preSolution
		HideSolutionNode = FALSE
	EndGlobalSection
EndGlobal
